
Microsoft Visual Studio Solution File, Format Version 10.00
# Visual Studio 2008
Project("{FAE04EC0-301F-11D3-BF4B-00C04F79EFBC}") = "ChatGlue", "ChatGlue\ChatGlue.csproj", "{FEB4AF3B-EDD5-441B-8C1F-69EA42B85772}"
EndProject
Project("{FAE04EC0-301F-11D3-BF4B-00C04F79EFBC}") = "UserEngine", "UserEngine\UserEngine.csproj", "{8E2532DC-9A3F-43B5-8F21-9B6C778699B6}"
EndProject
Global
	GlobalSection(SolutionConfigurationPlatforms) = preSolution
		Debug|Any CPU = Debug|Any CPU
		Release|Any CPU = Release|Any CPU
	EndGlobalSection
	GlobalSection(ProjectConfigurationPlatforms) = postSolution
		{FEB4AF3B-EDD5-441B-8C1F-69EA42B85772}.Debug|Any CPU.ActiveCfg = Debug|Any CPU
		{FEB4AF3B-EDD5-441B-8C1F-69EA42B85772}.Debug|Any CPU.Build.0 = Debug|Any CPU
		{FEB4AF3B-EDD5-441B-8C1F-69EA42B85772}.Release|Any CPU.ActiveCfg = Release|Any CPU
		{FEB4AF3B-EDD5-441B-8C1F-69EA42B85772}.Release|Any CPU.Build.0 = Release|Any CPU
		{8E2532DC-9A3F-43B5-8F21-9B6C778699B6}.Debug|Any CPU.ActiveCfg = Debug|Any CPU
		{8E2532DC-9A3F-43B5-8F21-9B6C778699B6}.Debug|Any CPU.Build.0 = Debug|Any CPU
		{8E2532DC-9A3F-43B5-8F21-9B6C778699B6}.Release|Any CPU.ActiveCfg = Release|Any CPU
		{8E2532DC-9A3F-43B5-8F21-9B6C778699B6}.Release|Any CPU.Build.0 = Release|Any CPU
	EndGlobalSection
	GlobalSection(SolutionProperties) = preSolution
		HideSolutionNode = FALSE
	EndGlobalSection
EndGlobal
